
Microsoft Visual Studio Solution File, Format Version 12.00
# Visual Studio Version 16
VisualStudioVersion = 16.0.30002.166
MinimumVisualStudioVersion = 10.0.40219.1
Project("{9092AA53-FB77-4645-B42D-1CCCA6BD08BD}") = "NodejsWebApp1", "NodejsWebApp1\NodejsWebApp1.njsproj", "{5EB338C5-E6D7-4FDA-B8DB-D71CDF95EFBB}"
EndProject
Global
	GlobalSection(SolutionConfigurationPlatforms) = preSolution
		Debug|Any CPU = Debug|Any CPU
		Release|Any CPU = Release|Any CPU
	EndGlobalSection
	GlobalSection(ProjectConfigurationPlatforms) = postSolution
		{5EB338C5-E6D7-4FDA-B8DB-D71CDF95EFBB}.Debug|Any CPU.ActiveCfg = Debug|Any CPU
		{5EB338C5-E6D7-4FDA-B8DB-D71CDF95EFBB}.Debug|Any CPU.Build.0 = Debug|Any CPU
		{5EB338C5-E6D7-4FDA-B8DB-D71CDF95EFBB}.Release|Any CPU.ActiveCfg = Release|Any CPU
		{5EB338C5-E6D7-4FDA-B8DB-D71CDF95EFBB}.Release|Any CPU.Build.0 = Release|Any CPU
	EndGlobalSection
	GlobalSection(SolutionProperties) = preSolution
		HideSolutionNode = FALSE
	EndGlobalSection
	GlobalSection(ExtensibilityGlobals) = postSolution
		SolutionGuid = {E3811832-3E85-44B4-BA81-52E3C2A6A2EE}
	EndGlobalSection
EndGlobal
